
Microsoft Visual Studio Solution File, Format Version 12.00
Project("{FAE04EC0-301F-11D3-BF4B-00C04F79EFBC}") = "ScrappingSharp", "ScrappingSharp\ScrappingSharp.csproj", "{5407741A-DF58-462C-A1C1-35D0BCF6F8B4}"
EndProject
Project("{FAE04EC0-301F-11D3-BF4B-00C04F79EFBC}") = "ScrappingSharp.Tests", "ScrappingSharp.Tests\ScrappingSharp.Tests.csproj", "{3DE09D5E-17ED-4E6E-961E-3725763D97F8}"
EndProject
Project("{FAE04EC0-301F-11D3-BF4B-00C04F79EFBC}") = "ConsoleTest", "ConsoleTest\ConsoleTest.csproj", "{A0867A1B-3BCC-47BD-81DD-A51B245942C5}"
EndProject
Project("{2150E333-8FDC-42A3-9474-1A3956D46DE8}") = "SolutionFolder", "SolutionFolder", "{D66D7357-B0B9-4C4E-ADCB-A4490F116169}"
ProjectSection(SolutionItems) = preProject
	Dockerfile = Dockerfile
	build.sh = build.sh
	run.sh = run.sh
EndProjectSection
EndProject
Global
	GlobalSection(SolutionConfigurationPlatforms) = preSolution
		Debug|Any CPU = Debug|Any CPU
		Release|Any CPU = Release|Any CPU
	EndGlobalSection
	GlobalSection(ProjectConfigurationPlatforms) = postSolution
		{5407741A-DF58-462C-A1C1-35D0BCF6F8B4}.Debug|Any CPU.ActiveCfg = Debug|Any CPU
		{5407741A-DF58-462C-A1C1-35D0BCF6F8B4}.Debug|Any CPU.Build.0 = Debug|Any CPU
		{5407741A-DF58-462C-A1C1-35D0BCF6F8B4}.Release|Any CPU.ActiveCfg = Release|Any CPU
		{5407741A-DF58-462C-A1C1-35D0BCF6F8B4}.Release|Any CPU.Build.0 = Release|Any CPU
		{3DE09D5E-17ED-4E6E-961E-3725763D97F8}.Debug|Any CPU.ActiveCfg = Debug|Any CPU
		{3DE09D5E-17ED-4E6E-961E-3725763D97F8}.Debug|Any CPU.Build.0 = Debug|Any CPU
		{3DE09D5E-17ED-4E6E-961E-3725763D97F8}.Release|Any CPU.ActiveCfg = Release|Any CPU
		{3DE09D5E-17ED-4E6E-961E-3725763D97F8}.Release|Any CPU.Build.0 = Release|Any CPU
		{A0867A1B-3BCC-47BD-81DD-A51B245942C5}.Debug|Any CPU.ActiveCfg = Debug|Any CPU
		{A0867A1B-3BCC-47BD-81DD-A51B245942C5}.Debug|Any CPU.Build.0 = Debug|Any CPU
		{A0867A1B-3BCC-47BD-81DD-A51B245942C5}.Release|Any CPU.ActiveCfg = Release|Any CPU
		{A0867A1B-3BCC-47BD-81DD-A51B245942C5}.Release|Any CPU.Build.0 = Release|Any CPU
	EndGlobalSection
EndGlobal
